
Microsoft Visual Studio Solution File, Format Version 12.00
# Visual Studio 2017
Project("{FAE04EC0-301F-11D3-BF4B-00C04F79EFBC}") = "Leap Motion", "Leap Motion.csproj", "{D3DB18C7-0345-F684-7358-9DC0D943EFE6}"
EndProject
Project("{FAE04EC0-301F-11D3-BF4B-00C04F79EFBC}") = "Leap Motion.Editor", "Leap Motion.Editor.csproj", "{B0DAB867-DAFA-B178-F364-E2393809C110}"
EndProject
Global
	GlobalSection(SolutionConfigurationPlatforms) = preSolution
		Debug|Any CPU = Debug|Any CPU
		Release|Any CPU = Release|Any CPU
	EndGlobalSection
	GlobalSection(ProjectConfigurationPlatforms) = postSolution
		{D3DB18C7-0345-F684-7358-9DC0D943EFE6}.Debug|Any CPU.ActiveCfg = Debug|Any CPU
		{D3DB18C7-0345-F684-7358-9DC0D943EFE6}.Debug|Any CPU.Build.0 = Debug|Any CPU
		{D3DB18C7-0345-F684-7358-9DC0D943EFE6}.Release|Any CPU.ActiveCfg = Release|Any CPU
		{D3DB18C7-0345-F684-7358-9DC0D943EFE6}.Release|Any CPU.Build.0 = Release|Any CPU
		{B0DAB867-DAFA-B178-F364-E2393809C110}.Debug|Any CPU.ActiveCfg = Debug|Any CPU
		{B0DAB867-DAFA-B178-F364-E2393809C110}.Debug|Any CPU.Build.0 = Debug|Any CPU
		{B0DAB867-DAFA-B178-F364-E2393809C110}.Release|Any CPU.ActiveCfg = Release|Any CPU
		{B0DAB867-DAFA-B178-F364-E2393809C110}.Release|Any CPU.Build.0 = Release|Any CPU
	EndGlobalSection
	GlobalSection(SolutionProperties) = preSolution
		HideSolutionNode = FALSE
	EndGlobalSection
EndGlobal
